// !$*UTF8*$!
{
	archiveVersion = 1;
	classes = {
	};
	objectVersion = 46;
	objects = {

/* Begin PBXBuildFile section */
		80FF71B81C57E0DF008276FB /* AppDelegate.swift in Sources */ = {isa = PBXBuildFile; fileRef = 80FF71B71C57E0DF008276FB /* AppDelegate.swift */; };
		80FF71BA1C57E0DF008276FB /* ViewController.swift in Sources */ = {isa = PBXBuildFile; fileRef = 80FF71B91C57E0DF008276FB /* ViewController.swift */; };
		80FF71BD1C57E0DF008276FB /* Main.storyboard in Resources */ = {isa = PBXBuildFile; fileRef = 80FF71BB1C57E0DF008276FB /* Main.storyboard */; };
		80FF71C01C57E0DF008276FB /* recipez.xcdatamodeld in Sources */ = {isa = PBXBuildFile; fileRef = 80FF71BE1C57E0DF008276FB /* recipez.xcdatamodeld */; };
		80FF71C21C57E0DF008276FB /* Assets.xcassets in Resources */ = {isa = PBXBuildFile; fileRef = 80FF71C11C57E0DF008276FB /* Assets.xcassets */; };
		80FF71C51C57E0DF008276FB /* LaunchScreen.storyboard in Resources */ = {isa = PBXBuildFile; fileRef = 80FF71C31C57E0DF008276FB /* LaunchScreen.storyboard */; };
		80FF71D11C57EC4C008276FB /* Recipe+CoreDataProperties.swift in Sources */ = {isa = PBXBuildFile; fileRef = 80FF71CF1C57EC4C008276FB /* Recipe+CoreDataProperties.swift */; };
		80FF71D21C57EC4C008276FB /* Recipe.swift in Sources */ = {isa = PBXBuildFile; fileRef = 80FF71D01C57EC4C008276FB /* Recipe.swift */; };
		80FF71D41C57EEC5008276FB /* RecipeCell.swift in Sources */ = {isa = PBXBuildFile; fileRef = 80FF71D31C57EEC5008276FB /* RecipeCell.swift */; };
		80FF71D61C57FBFF008276FB /* CreateRecipeVC.swift in Sources */ = {isa = PBXBuildFile; fileRef = 80FF71D51C57FBFF008276FB /* CreateRecipeVC.swift */; };
/* End PBXBuildFile section */

/* Begin PBXFileReference section */
		80FF71B41C57E0DF008276FB /* recipez.app */ = {isa = PBXFileReference; explicitFileType = wrapper.application; includeInIndex = 0; path = recipez.app; sourceTree = BUILT_PRODUCTS_DIR; };
		80FF71B71C57E0DF008276FB /* AppDelegate.swift */ = {isa = PBXFileReference; lastKnownFileType = sourcecode.swift; path = AppDelegate.swift; sourceTree = "<group>"; };
		80FF71B91C57E0DF008276FB /* ViewController.swift */ = {isa = PBXFileReference; lastKnownFileType = sourcecode.swift; path = ViewController.swift; sourceTree = "<group>"; };
		80FF71BC1C57E0DF008276FB /* Base */ = {isa = PBXFileReference; lastKnownFileType = file.storyboard; name = Base; path = Base.lproj/Main.storyboard; sourceTree = "<group>"; };
		80FF71BF1C57E0DF008276FB /* recipez.xcdatamodel */ = {isa = PBXFileReference; lastKnownFileType = wrapper.xcdatamodel; path = recipez.xcdatamodel; sourceTree = "<group>"; };
		80FF71C11C57E0DF008276FB /* Assets.xcassets */ = {isa = PBXFileReference; lastKnownFileType = folder.assetcatalog; path = Assets.xcassets; sourceTree = "<group>"; };
		80FF71C41C57E0DF008276FB /* Base */ = {isa = PBXFileReference; lastKnownFileType = file.storyboard; name = Base; path = Base.lproj/LaunchScreen.storyboard; sourceTree = "<group>"; };
		80FF71C61C57E0DF008276FB /* Info.plist */ = {isa = PBXFileReference; lastKnownFileType = text.plist.xml; path = Info.plist; sourceTree = "<group>"; };
		80FF71CF1C57EC4C008276FB /* Recipe+CoreDataProperties.swift */ = {isa = PBXFileReference; fileEncoding = 4; lastKnownFileType = sourcecode.swift; name = "Recipe+CoreDataProperties.swift"; path = "../Recipe+CoreDataProperties.swift"; sourceTree = "<group>"; };
		80FF71D01C57EC4C008276FB /* Recipe.swift */ = {isa = PBXFileReference; fileEncoding = 4; lastKnownFileType = sourcecode.swift; name = Recipe.swift; path = ../Recipe.swift; sourceTree = "<group>"; };
		80FF71D31C57EEC5008276FB /* RecipeCell.swift */ = {isa = PBXFileReference; fileEncoding = 4; lastKnownFileType = sourcecode.swift; path = RecipeCell.swift; sourceTree = "<group>"; };
		80FF71D51C57FBFF008276FB /* CreateRecipeVC.swift */ = {isa = PBXFileReference; fileEncoding = 4; lastKnownFileType = sourcecode.swift; path = CreateRecipeVC.swift; sourceTree = "<group>"; };
/* End PBXFileReference section */

/* Begin PBXFrameworksBuildPhase section */
		80FF71B11C57E0DF008276FB /* Frameworks */ = {
			isa = PBXFrameworksBuildPhase;
			buildActionMask = 2147483647;
			files = (
			);
			runOnlyForDeploymentPostprocessing = 0;
		};
/* End PBXFrameworksBuildPhase section */

/* Begin PBXGroup section */
		80FF71AB1C57E0DF008276FB = {
			isa = PBXGroup;
			children = (
				80FF71B61C57E0DF008276FB /* recipez */,
				80FF71B51C57E0DF008276FB /* Products */,
			);
			sourceTree = "<group>";
		};
		80FF71B51C57E0DF008276FB /* Products */ = {
			isa = PBXGroup;
			children = (
				80FF71B41C57E0DF008276FB /* recipez.app */,
			);
			name = Products;
			sourceTree = "<group>";
		};
		80FF71B61C57E0DF008276FB /* recipez */ = {
			isa = PBXGroup;
			children = (
				80FF71CE1C57EC31008276FB /* Controller */,
				80FF71CD1C57EC2C008276FB /* View */,
				80FF71CC1C57EC1D008276FB /* Model */,
				80FF71B71C57E0DF008276FB /* AppDelegate.swift */,
				80FF71BB1C57E0DF008276FB /* Main.storyboard */,
				80FF71C11C57E0DF008276FB /* Assets.xcassets */,
				80FF71C31C57E0DF008276FB /* LaunchScreen.storyboard */,
				80FF71C61C57E0DF008276FB /* Info.plist */,
				80FF71BE1C57E0DF008276FB /* recipez.xcdatamodeld */,
			);
			path = recipez;
			sourceTree = "<group>";
		};
		80FF71CC1C57EC1D008276FB /* Model */ = {
			isa = PBXGroup;
			children = (
				80FF71CF1C57EC4C008276FB /* Recipe+CoreDataProperties.swift */,
				80FF71D01C57EC4C008276FB /* Recipe.swift */,
			);
			name = Model;
			sourceTree = "<group>";
		};
		80FF71CD1C57EC2C008276FB /* View */ = {
			isa = PBXGroup;
			children = (
				80FF71D31C57EEC5008276FB /* RecipeCell.swift */,
			);
			name = View;
			sourceTree = "<group>";
		};
		80FF71CE1C57EC31008276FB /* Controller */ = {
			isa = PBXGroup;
			children = (
				80FF71B91C57E0DF008276FB /* ViewController.swift */,
				80FF71D51C57FBFF008276FB /* CreateRecipeVC.swift */,
			);
			name = Controller;
			sourceTree = "<group>";
		};
/* End PBXGroup section */

/* Begin PBXNativeTarget section */
		80FF71B31C57E0DF008276FB /* recipez */ = {
			isa = PBXNativeTarget;
			buildConfigurationList = 80FF71C91C57E0DF008276FB /* Build configuration list for PBXNativeTarget "recipez" */;
			buildPhases = (
				80FF71B01C57E0DF008276FB /* Sources */,
				80FF71B11C57E0DF008276FB /* Frameworks */,
				80FF71B21C57E0DF008276FB /* Resources */,
			);
			buildRules = (
			);
			dependencies = (
			);
			name = recipez;
			productName = recipez;
			productReference = 80FF71B41C57E0DF008276FB /* recipez.app */;
			productType = "com.apple.product-type.application";
		};
/* End PBXNativeTarget section */

/* Begin PBXProject section */
		80FF71AC1C57E0DF008276FB /* Project object */ = {
			isa = PBXProject;
			attributes = {
				LastSwiftUpdateCheck = 0720;
				LastUpgradeCheck = 0720;
				ORGANIZATIONNAME = "Abraham Sidabutar";
				TargetAttributes = {
					80FF71B31C57E0DF008276FB = {
						CreatedOnToolsVersion = 7.2;
					};
				};
			};
			buildConfigurationList = 80FF71AF1C57E0DF008276FB /* Build configuration list for PBXProject "recipez" */;
			compatibilityVersion = "Xcode 3.2";
			developmentRegion = English;
			hasScannedForEncodings = 0;
			knownRegions = (
				en,
				Base,
			);
			mainGroup = 80FF71AB1C57E0DF008276FB;
			productRefGroup = 80FF71B51C57E0DF008276FB /* Products */;
			projectDirPath = "";
			projectRoot = "";
			targets = (
				80FF71B31C57E0DF008276FB /* recipez */,
			);
		};
/* End PBXProject section */

/* Begin PBXResourcesBuildPhase section */
		80FF71B21C57E0DF008276FB /* Resources */ = {
			isa = PBXResourcesBuildPhase;
			buildActionMask = 2147483647;
			files = (
				80FF71C51C57E0DF008276FB /* LaunchScreen.storyboard in Resources */,
				80FF71C21C57E0DF008276FB /* Assets.xcassets in Resources */,
				80FF71BD1C57E0DF008276FB /* Main.storyboard in Resources */,
			);
			runOnlyForDeploymentPostprocessing = 0;
		};
/* End PBXResourcesBuildPhase section */

/* Begin PBXSourcesBuildPhase section */
		80FF71B01C57E0DF008276FB /* Sources */ = {
			isa = PBXSourcesBuildPhase;
			buildActionMask = 2147483647;
			files = (
				80FF71BA1C57E0DF008276FB /* ViewController.swift in Sources */,
				80FF71D11C57EC4C008276FB /* Recipe+CoreDataProperties.swift in Sources */,
				80FF71B81C57E0DF008276FB /* AppDelegate.swift in Sources */,
				80FF71D41C57EEC5008276FB /* RecipeCell.swift in Sources */,
				80FF71D61C57FBFF008276FB /* CreateRecipeVC.swift in Sources */,
				80FF71C01C57E0DF008276FB /* recipez.xcdatamodeld in Sources */,
				80FF71D21C57EC4C008276FB /* Recipe.swift in Sources */,
			);
			runOnlyForDeploymentPostprocessing = 0;
		};
/* End PBXSourcesBuildPhase section */

/* Begin PBXVariantGroup section */
		80FF71BB1C57E0DF008276FB /* Main.storyboard */ = {
			isa = PBXVariantGroup;
			children = (
				80FF71BC1C57E0DF008276FB /* Base */,
			);
			name = Main.storyboard;
			sourceTree = "<group>";
		};
		80FF71C31C57E0DF008276FB /* LaunchScreen.storyboard */ = {
			isa = PBXVariantGroup;
			children = (
				80FF71C41C57E0DF008276FB /* Base */,
			);
			name = LaunchScreen.storyboard;
			sourceTree = "<group>";
		};
/* End PBXVariantGroup section */

/* Begin XCBuildConfiguration section */
		80FF71C71C57E0DF008276FB /* Debug */ = {
			isa = XCBuildConfiguration;
			buildSettings = {
				ALWAYS_SEARCH_USER_PATHS = NO;
				CLANG_CXX_LANGUAGE_STANDARD = "gnu++0x";
				CLANG_CXX_LIBRARY = "libc++";
				CLANG_ENABLE_MODULES = YES;
				CLANG_ENABLE_OBJC_ARC = YES;
				CLANG_WARN_BOOL_CONVERSION = YES;
				CLANG_WARN_CONSTANT_CONVERSION = YES;
				CLANG_WARN_DIRECT_OBJC_ISA_USAGE = YES_ERROR;
				CLANG_WARN_EMPTY_BODY = YES;
				CLANG_WARN_ENUM_CONVERSION = YES;
				CLANG_WARN_INT_CONVERSION = YES;
				CLANG_WARN_OBJC_ROOT_CLASS = YES_ERROR;
				CLANG_WARN_UNREACHABLE_CODE = YES;
				CLANG_WARN__DUPLICATE_METHOD_MATCH = YES;
				"CODE_SIGN_IDENTITY[sdk=iphoneos*]" = "iPhone Developer";
				COPY_PHASE_STRIP = NO;
				DEBUG_INFORMATION_FORMAT = dwarf;
				ENABLE_STRICT_OBJC_MSGSEND = YES;
				ENABLE_TESTABILITY = YES;
				GCC_C_LANGUAGE_STANDARD = gnu99;
				GCC_DYNAMIC_NO_PIC = NO;
				GCC_NO_COMMON_BLOCKS = YES;
				GCC_OPTIMIZATION_LEVEL = 0;
				GCC_PREPROCESSOR_DEFINITIONS = (
					"DEBUG=1",
					"$(inherited)",
				);
				GCC_WARN_64_TO_32_BIT_CONVERSION = YES;
				GCC_WARN_ABOUT_RETURN_TYPE = YES_ERROR;
				GCC_WARN_UNDECLARED_SELECTOR = YES;
				GCC_WARN_UNINITIALIZED_AUTOS = YES_AGGRESSIVE;
				GCC_WARN_UNUSED_FUNCTION = YES;
				GCC_WARN_UNUSED_VARIABLE = YES;
				IPHONEOS_DEPLOYMENT_TARGET = 9.2;
				MTL_ENABLE_DEBUG_INFO = YES;
				ONLY_ACTIVE_ARCH = YES;
				SDKROOT = iphoneos;
				SWIFT_OPTIMIZATION_LEVEL = "-Onone";
				TARGETED_DEVICE_FAMILY = "1,2";
			};
			name = Debug;
		};
		80FF71C81C57E0DF008276FB /* Release */ = {
			isa = XCBuildConfiguration;
			buildSettings = {
				ALWAYS_SEARCH_USER_PATHS = NO;
				CLANG_CXX_LANGUAGE_STANDARD = "gnu++0x";
				CLANG_CXX_LIBRARY = "libc++";
				CLANG_ENABLE_MODULES = YES;
				CLANG_ENABLE_OBJC_ARC = YES;
				CLANG_WARN_BOOL_CONVERSION = YES;
				CLANG_WARN_CONSTANT_CONVERSION = YES;
				CLANG_WARN_DIRECT_OBJC_ISA_USAGE = YES_ERROR;
				CLANG_WARN_EMPTY_BODY = YES;
				CLANG_WARN_ENUM_CONVERSION = YES;
				CLANG_WARN_INT_CONVERSION = YES;
				CLANG_WARN_OBJC_ROOT_CLASS = YES_ERROR;
				CLANG_WARN_UNREACHABLE_CODE = YES;
				CLANG_WARN__DUPLICATE_METHOD_MATCH = YES;
				"CODE_SIGN_IDENTITY[sdk=iphoneos*]" = "iPhone Developer";
				COPY_PHASE_STRIP = NO;
				DEBUG_INFORMATION_FORMAT = "dwarf-with-dsym";
				ENABLE_NS_ASSERTIONS = NO;
				ENABLE_STRICT_OBJC_MSGSEND = YES;
				GCC_C_LANGUAGE_STANDARD = gnu99;
				GCC_NO_COMMON_BLOCKS = YES;
				GCC_WARN_64_TO_32_BIT_CONVERSION = YES;
				GCC_WARN_ABOUT_RETURN_TYPE = YES_ERROR;
				GCC_WARN_UNDECLARED_SELECTOR = YES;
				GCC_WARN_UNINITIALIZED_AUTOS = YES_AGGRESSIVE;
				GCC_WARN_UNUSED_FUNCTION = YES;
				GCC_WARN_UNUSED_VARIABLE = YES;
				IPHONEOS_DEPLOYMENT_TARGET = 9.2;
				MTL_ENABLE_DEBUG_INFO = NO;
				SDKROOT = iphoneos;
				TARGETED_DEVICE_FAMILY = "1,2";
				VALIDATE_PRODUCT = YES;
			};
			name = Release;
		};
		80FF71CA1C57E0DF008276FB /* Debug */ = {
			isa = XCBuildConfiguration;
			buildSettings = {
				ASSETCATALOG_COMPILER_APPICON_NAME = AppIcon;
				INFOPLIST_FILE = recipez/Info.plist;
				LD_RUNPATH_SEARCH_PATHS = "$(inherited) @executable_path/Frameworks";
				PRODUCT_BUNDLE_IDENTIFIER = self.edu.recipez;
				PRODUCT_NAME = "$(TARGET_NAME)";
			};
			name = Debug;
		};
		80FF71CB1C57E0DF008276FB /* Release */ = {
			isa = XCBuildConfiguration;
			buildSettings = {
				ASSETCATALOG_COMPILER_APPICON_NAME = AppIcon;
				INFOPLIST_FILE = recipez/Info.plist;
				LD_RUNPATH_SEARCH_PATHS = "$(inherited) @executable_path/Frameworks";
				PRODUCT_BUNDLE_IDENTIFIER = self.edu.recipez;
				PRODUCT_NAME = "$(TARGET_NAME)";
			};
			name = Release;
		};
/* End XCBuildConfiguration section */

/* Begin XCConfigurationList section */
		80FF71AF1C57E0DF008276FB /* Build configuration list for PBXProject "recipez" */ = {
			isa = XCConfigurationList;
			buildConfigurations = (
				80FF71C71C57E0DF008276FB /* Debug */,
				80FF71C81C57E0DF008276FB /* Release */,
			);
			defaultConfigurationIsVisible = 0;
			defaultConfigurationName = Release;
		};
		80FF71C91C57E0DF008276FB /* Build configuration list for PBXNativeTarget "recipez" */ = {
			isa = XCConfigurationList;
			buildConfigurations = (
				80FF71CA1C57E0DF008276FB /* Debug */,
				80FF71CB1C57E0DF008276FB /* Release */,
			);
			defaultConfigurationIsVisible = 0;
		};
/* End XCConfigurationList section */

/* Begin XCVersionGroup section */
		80FF71BE1C57E0DF008276FB /* recipez.xcdatamodeld */ = {
			isa = XCVersionGroup;
			children = (
				80FF71BF1C57E0DF008276FB /* recipez.xcdatamodel */,
			);
			currentVersion = 80FF71BF1C57E0DF008276FB /* recipez.xcdatamodel */;
			path = recipez.xcdatamodeld;
			sourceTree = "<group>";
			versionGroupType = wrapper.xcdatamodel;
		};
/* End XCVersionGroup section */
	};
	rootObject = 80FF71AC1C57E0DF008276FB /* Project object */;
}
